
Microsoft Visual Studio Solution File, Format Version 12.00
# Visual Studio Version 17
VisualStudioVersion = 17.8.34330.188
MinimumVisualStudioVersion = 10.0.40219.1
Project("{FAE04EC0-301F-11D3-BF4B-00C04F79EFBC}") = "FineBlog", "FineBlog\FineBlog.csproj", "{81CEBE6E-60A9-4937-AB1B-551088D92417}"
EndProject
Global
	GlobalSection(SolutionConfigurationPlatforms) = preSolution
		Debug|Any CPU = Debug|Any CPU
		Release|Any CPU = Release|Any CPU
	EndGlobalSection
	GlobalSection(ProjectConfigurationPlatforms) = postSolution
		{81CEBE6E-60A9-4937-AB1B-551088D92417}.Debug|Any CPU.ActiveCfg = Debug|Any CPU
		{81CEBE6E-60A9-4937-AB1B-551088D92417}.Debug|Any CPU.Build.0 = Debug|Any CPU
		{81CEBE6E-60A9-4937-AB1B-551088D92417}.Release|Any CPU.ActiveCfg = Release|Any CPU
		{81CEBE6E-60A9-4937-AB1B-551088D92417}.Release|Any CPU.Build.0 = Release|Any CPU
	EndGlobalSection
	GlobalSection(SolutionProperties) = preSolution
		HideSolutionNode = FALSE
	EndGlobalSection
	GlobalSection(ExtensibilityGlobals) = postSolution
		SolutionGuid = {333F2316-85D3-48CF-BE0B-64459E754FF6}
	EndGlobalSection
EndGlobal
